
Microsoft Visual Studio Solution File, Format Version 12.00
# Visual Studio Version 17
VisualStudioVersion = 17.13.35828.75 d17.13
MinimumVisualStudioVersion = 10.0.40219.1
Project("{FAE04EC0-301F-11D3-BF4B-00C04F79EFBC}") = "HiddenLotus", "HiddenLotus\HiddenLotus.csproj", "{A3AA5160-13A5-4BEA-994F-9D060B6FA205}"
EndProject
Global
	GlobalSection(SolutionConfigurationPlatforms) = preSolution
		Debug|Any CPU = Debug|Any CPU
		Release|Any CPU = Release|Any CPU
	EndGlobalSection
	GlobalSection(ProjectConfigurationPlatforms) = postSolution
		{A3AA5160-13A5-4BEA-994F-9D060B6FA205}.Debug|Any CPU.ActiveCfg = Debug|Any CPU
		{A3AA5160-13A5-4BEA-994F-9D060B6FA205}.Debug|Any CPU.Build.0 = Debug|Any CPU
		{A3AA5160-13A5-4BEA-994F-9D060B6FA205}.Release|Any CPU.ActiveCfg = Release|Any CPU
		{A3AA5160-13A5-4BEA-994F-9D060B6FA205}.Release|Any CPU.Build.0 = Release|Any CPU
	EndGlobalSection
	GlobalSection(SolutionProperties) = preSolution
		HideSolutionNode = FALSE
	EndGlobalSection
	GlobalSection(ExtensibilityGlobals) = postSolution
		SolutionGuid = {00539A82-8634-455C-8FA0-05D3CFAF9EB3}
	EndGlobalSection
EndGlobal
